// !$*UTF8*$!
{
	archiveVersion = 1;
	classes = {
	};
	objectVersion = 55;
	objects = {

/* Begin PBXBuildFile section */
		A845576F283586F6008BFAAA /* MyViewModel.swift in Sources */ = {isa = PBXBuildFile; fileRef = A845576E283586F5008BFAAA /* MyViewModel.swift */; };
		A8CB67C528357BFC00138AF5 /* Tests_iOS.swift in Sources */ = {isa = PBXBuildFile; fileRef = A8CB67C428357BFC00138AF5 /* Tests_iOS.swift */; };
		A8CB67C728357BFC00138AF5 /* Tests_iOSLaunchTests.swift in Sources */ = {isa = PBXBuildFile; fileRef = A8CB67C628357BFC00138AF5 /* Tests_iOSLaunchTests.swift */; };
		A8CB67D128357BFC00138AF5 /* Tests_macOS.swift in Sources */ = {isa = PBXBuildFile; fileRef = A8CB67D028357BFC00138AF5 /* Tests_macOS.swift */; };
		A8CB67D328357BFC00138AF5 /* Tests_macOSLaunchTests.swift in Sources */ = {isa = PBXBuildFile; fileRef = A8CB67D228357BFC00138AF5 /* Tests_macOSLaunchTests.swift */; };
		A8CB67D428357BFC00138AF5 /* iosAppApp.swift in Sources */ = {isa = PBXBuildFile; fileRef = A8CB67AC28357BFB00138AF5 /* iosAppApp.swift */; };
		A8CB67D528357BFC00138AF5 /* iosAppApp.swift in Sources */ = {isa = PBXBuildFile; fileRef = A8CB67AC28357BFB00138AF5 /* iosAppApp.swift */; };
		A8CB67D628357BFC00138AF5 /* ContentView.swift in Sources */ = {isa = PBXBuildFile; fileRef = A8CB67AD28357BFB00138AF5 /* ContentView.swift */; };
		A8CB67D728357BFC00138AF5 /* ContentView.swift in Sources */ = {isa = PBXBuildFile; fileRef = A8CB67AD28357BFB00138AF5 /* ContentView.swift */; };
		A8CB67D828357BFC00138AF5 /* Assets.xcassets in Resources */ = {isa = PBXBuildFile; fileRef = A8CB67AE28357BFC00138AF5 /* Assets.xcassets */; };
		A8CB67D928357BFC00138AF5 /* Assets.xcassets in Resources */ = {isa = PBXBuildFile; fileRef = A8CB67AE28357BFC00138AF5 /* Assets.xcassets */; };
/* End PBXBuildFile section */

/* Begin PBXContainerItemProxy section */
		A8CB67C128357BFC00138AF5 /* PBXContainerItemProxy */ = {
			isa = PBXContainerItemProxy;
			containerPortal = A8CB67A728357BFA00138AF5 /* Project object */;
			proxyType = 1;
			remoteGlobalIDString = A8CB67B228357BFC00138AF5;
			remoteInfo = "iosApp (iOS)";
		};
		A8CB67CD28357BFC00138AF5 /* PBXContainerItemProxy */ = {
			isa = PBXContainerItemProxy;
			containerPortal = A8CB67A728357BFA00138AF5 /* Project object */;
			proxyType = 1;
			remoteGlobalIDString = A8CB67B828357BFC00138AF5;
			remoteInfo = "iosApp (macOS)";
		};
/* End PBXContainerItemProxy section */

/* Begin PBXFileReference section */
		A845576E283586F5008BFAAA /* MyViewModel.swift */ = {isa = PBXFileReference; lastKnownFileType = sourcecode.swift; path = MyViewModel.swift; sourceTree = "<group>"; };
		A8CB67AC28357BFB00138AF5 /* iosAppApp.swift */ = {isa = PBXFileReference; lastKnownFileType = sourcecode.swift; path = iosAppApp.swift; sourceTree = "<group>"; };
		A8CB67AD28357BFB00138AF5 /* ContentView.swift */ = {isa = PBXFileReference; lastKnownFileType = sourcecode.swift; path = ContentView.swift; sourceTree = "<group>"; };
		A8CB67AE28357BFC00138AF5 /* Assets.xcassets */ = {isa = PBXFileReference; lastKnownFileType = folder.assetcatalog; path = Assets.xcassets; sourceTree = "<group>"; };
		A8CB67B328357BFC00138AF5 /* iosApp.app */ = {isa = PBXFileReference; explicitFileType = wrapper.application; includeInIndex = 0; path = iosApp.app; sourceTree = BUILT_PRODUCTS_DIR; };
		A8CB67B928357BFC00138AF5 /* iosApp.app */ = {isa = PBXFileReference; explicitFileType = wrapper.application; includeInIndex = 0; path = iosApp.app; sourceTree = BUILT_PRODUCTS_DIR; };
		A8CB67BB28357BFC00138AF5 /* macOS.entitlements */ = {isa = PBXFileReference; lastKnownFileType = text.plist.entitlements; path = macOS.entitlements; sourceTree = "<group>"; };
		A8CB67C028357BFC00138AF5 /* Tests iOS.xctest */ = {isa = PBXFileReference; explicitFileType = wrapper.cfbundle; includeInIndex = 0; path = "Tests iOS.xctest"; sourceTree = BUILT_PRODUCTS_DIR; };
		A8CB67C428357BFC00138AF5 /* Tests_iOS.swift */ = {isa = PBXFileReference; lastKnownFileType = sourcecode.swift; path = Tests_iOS.swift; sourceTree = "<group>"; };
		A8CB67C628357BFC00138AF5 /* Tests_iOSLaunchTests.swift */ = {isa = PBXFileReference; lastKnownFileType = sourcecode.swift; path = Tests_iOSLaunchTests.swift; sourceTree = "<group>"; };
		A8CB67CC28357BFC00138AF5 /* Tests macOS.xctest */ = {isa = PBXFileReference; explicitFileType = wrapper.cfbundle; includeInIndex = 0; path = "Tests macOS.xctest"; sourceTree = BUILT_PRODUCTS_DIR; };
		A8CB67D028357BFC00138AF5 /* Tests_macOS.swift */ = {isa = PBXFileReference; lastKnownFileType = sourcecode.swift; path = Tests_macOS.swift; sourceTree = "<group>"; };
		A8CB67D228357BFC00138AF5 /* Tests_macOSLaunchTests.swift */ = {isa = PBXFileReference; lastKnownFileType = sourcecode.swift; path = Tests_macOSLaunchTests.swift; sourceTree = "<group>"; };
/* End PBXFileReference section */

/* Begin PBXFrameworksBuildPhase section */
		A8CB67B028357BFC00138AF5 /* Frameworks */ = {
			isa = PBXFrameworksBuildPhase;
			buildActionMask = 2147483647;
			files = (
			);
			runOnlyForDeploymentPostprocessing = 0;
		};
		A8CB67B628357BFC00138AF5 /* Frameworks */ = {
			isa = PBXFrameworksBuildPhase;
			buildActionMask = 2147483647;
			files = (
			);
			runOnlyForDeploymentPostprocessing = 0;
		};
		A8CB67BD28357BFC00138AF5 /* Frameworks */ = {
			isa = PBXFrameworksBuildPhase;
			buildActionMask = 2147483647;
			files = (
			);
			runOnlyForDeploymentPostprocessing = 0;
		};
		A8CB67C928357BFC00138AF5 /* Frameworks */ = {
			isa = PBXFrameworksBuildPhase;
			buildActionMask = 2147483647;
			files = (
			);
			runOnlyForDeploymentPostprocessing = 0;
		};
/* End PBXFrameworksBuildPhase section */

/* Begin PBXGroup section */
		A8CB67A628357BFA00138AF5 = {
			isa = PBXGroup;
			children = (
				A8CB67AB28357BFB00138AF5 /* Shared */,
				A8CB67BA28357BFC00138AF5 /* macOS */,
				A8CB67C328357BFC00138AF5 /* Tests iOS */,
				A8CB67CF28357BFC00138AF5 /* Tests macOS */,
				A8CB67B428357BFC00138AF5 /* Products */,
			);
			sourceTree = "<group>";
		};
		A8CB67AB28357BFB00138AF5 /* Shared */ = {
			isa = PBXGroup;
			children = (
				A8CB67AC28357BFB00138AF5 /* iosAppApp.swift */,
				A8CB67AD28357BFB00138AF5 /* ContentView.swift */,
				A8CB67AE28357BFC00138AF5 /* Assets.xcassets */,
				A845576E283586F5008BFAAA /* MyViewModel.swift */,
			);
			path = Shared;
			sourceTree = "<group>";
		};
		A8CB67B428357BFC00138AF5 /* Products */ = {
			isa = PBXGroup;
			children = (
				A8CB67B328357BFC00138AF5 /* iosApp.app */,
				A8CB67B928357BFC00138AF5 /* iosApp.app */,
				A8CB67C028357BFC00138AF5 /* Tests iOS.xctest */,
				A8CB67CC28357BFC00138AF5 /* Tests macOS.xctest */,
			);
			name = Products;
			sourceTree = "<group>";
		};
		A8CB67BA28357BFC00138AF5 /* macOS */ = {
			isa = PBXGroup;
			children = (
				A8CB67BB28357BFC00138AF5 /* macOS.entitlements */,
			);
			path = macOS;
			sourceTree = "<group>";
		};
		A8CB67C328357BFC00138AF5 /* Tests iOS */ = {
			isa = PBXGroup;
			children = (
				A8CB67C428357BFC00138AF5 /* Tests_iOS.swift */,
				A8CB67C628357BFC00138AF5 /* Tests_iOSLaunchTests.swift */,
			);
			path = "Tests iOS";
			sourceTree = "<group>";
		};
		A8CB67CF28357BFC00138AF5 /* Tests macOS */ = {
			isa = PBXGroup;
			children = (
				A8CB67D028357BFC00138AF5 /* Tests_macOS.swift */,
				A8CB67D228357BFC00138AF5 /* Tests_macOSLaunchTests.swift */,
			);
			path = "Tests macOS";
			sourceTree = "<group>";
		};
/* End PBXGroup section */

/* Begin PBXNativeTarget section */
		A8CB67B228357BFC00138AF5 /* iosApp (iOS) */ = {
			isa = PBXNativeTarget;
			buildConfigurationList = A8CB67DC28357BFC00138AF5 /* Build configuration list for PBXNativeTarget "iosApp (iOS)" */;
			buildPhases = (
				A8CB67E828357C1400138AF5 /* Run Script */,
				A8CB67AF28357BFC00138AF5 /* Sources */,
				A8CB67B028357BFC00138AF5 /* Frameworks */,
				A8CB67B128357BFC00138AF5 /* Resources */,
			);
			buildRules = (
			);
			dependencies = (
			);
			name = "iosApp (iOS)";
			productName = "iosApp (iOS)";
			productReference = A8CB67B328357BFC00138AF5 /* iosApp.app */;
			productType = "com.apple.product-type.application";
		};
		A8CB67B828357BFC00138AF5 /* iosApp (macOS) */ = {
			isa = PBXNativeTarget;
			buildConfigurationList = A8CB67DF28357BFC00138AF5 /* Build configuration list for PBXNativeTarget "iosApp (macOS)" */;
			buildPhases = (
				A8CB67B528357BFC00138AF5 /* Sources */,
				A8CB67B628357BFC00138AF5 /* Frameworks */,
				A8CB67B728357BFC00138AF5 /* Resources */,
			);
			buildRules = (
			);
			dependencies = (
			);
			name = "iosApp (macOS)";
			productName = "iosApp (macOS)";
			productReference = A8CB67B928357BFC00138AF5 /* iosApp.app */;
			productType = "com.apple.product-type.application";
		};
		A8CB67BF28357BFC00138AF5 /* Tests iOS */ = {
			isa = PBXNativeTarget;
			buildConfigurationList = A8CB67E228357BFC00138AF5 /* Build configuration list for PBXNativeTarget "Tests iOS" */;
			buildPhases = (
				A8CB67BC28357BFC00138AF5 /* Sources */,
				A8CB67BD28357BFC00138AF5 /* Frameworks */,
				A8CB67BE28357BFC00138AF5 /* Resources */,
			);
			buildRules = (
			);
			dependencies = (
				A8CB67C228357BFC00138AF5 /* PBXTargetDependency */,
			);
			name = "Tests iOS";
			productName = "Tests iOS";
			productReference = A8CB67C028357BFC00138AF5 /* Tests iOS.xctest */;
			productType = "com.apple.product-type.bundle.ui-testing";
		};
		A8CB67CB28357BFC00138AF5 /* Tests macOS */ = {
			isa = PBXNativeTarget;
			buildConfigurationList = A8CB67E528357BFC00138AF5 /* Build configuration list for PBXNativeTarget "Tests macOS" */;
			buildPhases = (
				A8CB67C828357BFC00138AF5 /* Sources */,
				A8CB67C928357BFC00138AF5 /* Frameworks */,
				A8CB67CA28357BFC00138AF5 /* Resources */,
			);
			buildRules = (
			);
			dependencies = (
				A8CB67CE28357BFC00138AF5 /* PBXTargetDependency */,
			);
			name = "Tests macOS";
			productName = "Tests macOS";
			productReference = A8CB67CC28357BFC00138AF5 /* Tests macOS.xctest */;
			productType = "com.apple.product-type.bundle.ui-testing";
		};
/* End PBXNativeTarget section */

/* Begin PBXProject section */
		A8CB67A728357BFA00138AF5 /* Project object */ = {
			isa = PBXProject;
			attributes = {
				BuildIndependentTargetsInParallel = 1;
				LastSwiftUpdateCheck = 1330;
				LastUpgradeCheck = 1330;
				TargetAttributes = {
					A8CB67B228357BFC00138AF5 = {
						CreatedOnToolsVersion = 13.3.1;
					};
					A8CB67B828357BFC00138AF5 = {
						CreatedOnToolsVersion = 13.3.1;
					};
					A8CB67BF28357BFC00138AF5 = {
						CreatedOnToolsVersion = 13.3.1;
						TestTargetID = A8CB67B228357BFC00138AF5;
					};
					A8CB67CB28357BFC00138AF5 = {
						CreatedOnToolsVersion = 13.3.1;
						TestTargetID = A8CB67B828357BFC00138AF5;
					};
				};
			};
			buildConfigurationList = A8CB67AA28357BFA00138AF5 /* Build configuration list for PBXProject "iosApp" */;
			compatibilityVersion = "Xcode 13.0";
			developmentRegion = en;
			hasScannedForEncodings = 0;
			knownRegions = (
				en,
				Base,
			);
			mainGroup = A8CB67A628357BFA00138AF5;
			productRefGroup = A8CB67B428357BFC00138AF5 /* Products */;
			projectDirPath = "";
			projectRoot = "";
			targets = (
				A8CB67B228357BFC00138AF5 /* iosApp (iOS) */,
				A8CB67B828357BFC00138AF5 /* iosApp (macOS) */,
				A8CB67BF28357BFC00138AF5 /* Tests iOS */,
				A8CB67CB28357BFC00138AF5 /* Tests macOS */,
			);
		};
/* End PBXProject section */

/* Begin PBXResourcesBuildPhase section */
		A8CB67B128357BFC00138AF5 /* Resources */ = {
			isa = PBXResourcesBuildPhase;
			buildActionMask = 2147483647;
			files = (
				A8CB67D828357BFC00138AF5 /* Assets.xcassets in Resources */,
			);
			runOnlyForDeploymentPostprocessing = 0;
		};
		A8CB67B728357BFC00138AF5 /* Resources */ = {
			isa = PBXResourcesBuildPhase;
			buildActionMask = 2147483647;
			files = (
				A8CB67D928357BFC00138AF5 /* Assets.xcassets in Resources */,
			);
			runOnlyForDeploymentPostprocessing = 0;
		};
		A8CB67BE28357BFC00138AF5 /* Resources */ = {
			isa = PBXResourcesBuildPhase;
			buildActionMask = 2147483647;
			files = (
			);
			runOnlyForDeploymentPostprocessing = 0;
		};
		A8CB67CA28357BFC00138AF5 /* Resources */ = {
			isa = PBXResourcesBuildPhase;
			buildActionMask = 2147483647;
			files = (
			);
			runOnlyForDeploymentPostprocessing = 0;
		};
/* End PBXResourcesBuildPhase section */

/* Begin PBXShellScriptBuildPhase section */
		A8CB67E828357C1400138AF5 /* Run Script */ = {
			isa = PBXShellScriptBuildPhase;
			alwaysOutOfDate = 1;
			buildActionMask = 2147483647;
			files = (
			);
			inputFileListPaths = (
			);
			inputPaths = (
			);
			name = "Run Script";
			outputFileListPaths = (
			);
			outputPaths = (
			);
			runOnlyForDeploymentPostprocessing = 0;
			shellPath = /bin/sh;
			shellScript = "cd \"$SRCROOT/..\"\n./gradlew :shared:embedAndSignAppleFrameworkForXcode\n";
		};
/* End PBXShellScriptBuildPhase section */

/* Begin PBXSourcesBuildPhase section */
		A8CB67AF28357BFC00138AF5 /* Sources */ = {
			isa = PBXSourcesBuildPhase;
			buildActionMask = 2147483647;
			files = (
				A8CB67D628357BFC00138AF5 /* ContentView.swift in Sources */,
				A8CB67D428357BFC00138AF5 /* iosAppApp.swift in Sources */,
				A845576F283586F6008BFAAA /* MyViewModel.swift in Sources */,
			);
			runOnlyForDeploymentPostprocessing = 0;
		};
		A8CB67B528357BFC00138AF5 /* Sources */ = {
			isa = PBXSourcesBuildPhase;
			buildActionMask = 2147483647;
			files = (
				A8CB67D728357BFC00138AF5 /* ContentView.swift in Sources */,
				A8CB67D528357BFC00138AF5 /* iosAppApp.swift in Sources */,
			);
			runOnlyForDeploymentPostprocessing = 0;
		};
		A8CB67BC28357BFC00138AF5 /* Sources */ = {
			isa = PBXSourcesBuildPhase;
			buildActionMask = 2147483647;
			files = (
				A8CB67C728357BFC00138AF5 /* Tests_iOSLaunchTests.swift in Sources */,
				A8CB67C528357BFC00138AF5 /* Tests_iOS.swift in Sources */,
			);
			runOnlyForDeploymentPostprocessing = 0;
		};
		A8CB67C828357BFC00138AF5 /* Sources */ = {
			isa = PBXSourcesBuildPhase;
			buildActionMask = 2147483647;
			files = (
				A8CB67D328357BFC00138AF5 /* Tests_macOSLaunchTests.swift in Sources */,
				A8CB67D128357BFC00138AF5 /* Tests_macOS.swift in Sources */,
			);
			runOnlyForDeploymentPostprocessing = 0;
		};
/* End PBXSourcesBuildPhase section */

/* Begin PBXTargetDependency section */
		A8CB67C228357BFC00138AF5 /* PBXTargetDependency */ = {
			isa = PBXTargetDependency;
			target = A8CB67B228357BFC00138AF5 /* iosApp (iOS) */;
			targetProxy = A8CB67C128357BFC00138AF5 /* PBXContainerItemProxy */;
		};
		A8CB67CE28357BFC00138AF5 /* PBXTargetDependency */ = {
			isa = PBXTargetDependency;
			target = A8CB67B828357BFC00138AF5 /* iosApp (macOS) */;
			targetProxy = A8CB67CD28357BFC00138AF5 /* PBXContainerItemProxy */;
		};
/* End PBXTargetDependency section */

/* Begin XCBuildConfiguration section */
		A8CB67DA28357BFC00138AF5 /* Debug */ = {
			isa = XCBuildConfiguration;
			buildSettings = {
				ALWAYS_SEARCH_USER_PATHS = NO;
				CLANG_ANALYZER_NONNULL = YES;
				CLANG_ANALYZER_NUMBER_OBJECT_CONVERSION = YES_AGGRESSIVE;
				CLANG_CXX_LANGUAGE_STANDARD = "gnu++17";
				CLANG_ENABLE_MODULES = YES;
				CLANG_ENABLE_OBJC_ARC = YES;
				CLANG_ENABLE_OBJC_WEAK = YES;
				CLANG_WARN_BLOCK_CAPTURE_AUTORELEASING = YES;
				CLANG_WARN_BOOL_CONVERSION = YES;
				CLANG_WARN_COMMA = YES;
				CLANG_WARN_CONSTANT_CONVERSION = YES;
				CLANG_WARN_DEPRECATED_OBJC_IMPLEMENTATIONS = YES;
				CLANG_WARN_DIRECT_OBJC_ISA_USAGE = YES_ERROR;
				CLANG_WARN_DOCUMENTATION_COMMENTS = YES;
				CLANG_WARN_EMPTY_BODY = YES;
				CLANG_WARN_ENUM_CONVERSION = YES;
				CLANG_WARN_INFINITE_RECURSION = YES;
				CLANG_WARN_INT_CONVERSION = YES;
				CLANG_WARN_NON_LITERAL_NULL_CONVERSION = YES;
				CLANG_WARN_OBJC_IMPLICIT_RETAIN_SELF = YES;
				CLANG_WARN_OBJC_LITERAL_CONVERSION = YES;
				CLANG_WARN_OBJC_ROOT_CLASS = YES_ERROR;
				CLANG_WARN_QUOTED_INCLUDE_IN_FRAMEWORK_HEADER = YES;
				CLANG_WARN_RANGE_LOOP_ANALYSIS = YES;
				CLANG_WARN_STRICT_PROTOTYPES = YES;
				CLANG_WARN_SUSPICIOUS_MOVE = YES;
				CLANG_WARN_UNGUARDED_AVAILABILITY = YES_AGGRESSIVE;
				CLANG_WARN_UNREACHABLE_CODE = YES;
				CLANG_WARN__DUPLICATE_METHOD_MATCH = YES;
				COPY_PHASE_STRIP = NO;
				DEBUG_INFORMATION_FORMAT = dwarf;
				ENABLE_STRICT_OBJC_MSGSEND = YES;
				ENABLE_TESTABILITY = YES;
				GCC_C_LANGUAGE_STANDARD = gnu11;
				GCC_DYNAMIC_NO_PIC = NO;
				GCC_NO_COMMON_BLOCKS = YES;
				GCC_OPTIMIZATION_LEVEL = 0;
				GCC_PREPROCESSOR_DEFINITIONS = (
					"DEBUG=1",
					"$(inherited)",
				);
				GCC_WARN_64_TO_32_BIT_CONVERSION = YES;
				GCC_WARN_ABOUT_RETURN_TYPE = YES_ERROR;
				GCC_WARN_UNDECLARED_SELECTOR = YES;
				GCC_WARN_UNINITIALIZED_AUTOS = YES_AGGRESSIVE;
				GCC_WARN_UNUSED_FUNCTION = YES;
				GCC_WARN_UNUSED_VARIABLE = YES;
				MTL_ENABLE_DEBUG_INFO = INCLUDE_SOURCE;
				MTL_FAST_MATH = YES;
				ONLY_ACTIVE_ARCH = YES;
				SWIFT_ACTIVE_COMPILATION_CONDITIONS = DEBUG;
				SWIFT_OPTIMIZATION_LEVEL = "-Onone";
			};
			name = Debug;
		};
		A8CB67DB28357BFC00138AF5 /* Release */ = {
			isa = XCBuildConfiguration;
			buildSettings = {
				ALWAYS_SEARCH_USER_PATHS = NO;
				CLANG_ANALYZER_NONNULL = YES;
				CLANG_ANALYZER_NUMBER_OBJECT_CONVERSION = YES_AGGRESSIVE;
				CLANG_CXX_LANGUAGE_STANDARD = "gnu++17";
				CLANG_ENABLE_MODULES = YES;
				CLANG_ENABLE_OBJC_ARC = YES;
				CLANG_ENABLE_OBJC_WEAK = YES;
				CLANG_WARN_BLOCK_CAPTURE_AUTORELEASING = YES;
				CLANG_WARN_BOOL_CONVERSION = YES;
				CLANG_WARN_COMMA = YES;
				CLANG_WARN_CONSTANT_CONVERSION = YES;
				CLANG_WARN_DEPRECATED_OBJC_IMPLEMENTATIONS = YES;
				CLANG_WARN_DIRECT_OBJC_ISA_USAGE = YES_ERROR;
				CLANG_WARN_DOCUMENTATION_COMMENTS = YES;
				CLANG_WARN_EMPTY_BODY = YES;
				CLANG_WARN_ENUM_CONVERSION = YES;
				CLANG_WARN_INFINITE_RECURSION = YES;
				CLANG_WARN_INT_CONVERSION = YES;
				CLANG_WARN_NON_LITERAL_NULL_CONVERSION = YES;
				CLANG_WARN_OBJC_IMPLICIT_RETAIN_SELF = YES;
				CLANG_WARN_OBJC_LITERAL_CONVERSION = YES;
				CLANG_WARN_OBJC_ROOT_CLASS = YES_ERROR;
				CLANG_WARN_QUOTED_INCLUDE_IN_FRAMEWORK_HEADER = YES;
				CLANG_WARN_RANGE_LOOP_ANALYSIS = YES;
				CLANG_WARN_STRICT_PROTOTYPES = YES;
				CLANG_WARN_SUSPICIOUS_MOVE = YES;
				CLANG_WARN_UNGUARDED_AVAILABILITY = YES_AGGRESSIVE;
				CLANG_WARN_UNREACHABLE_CODE = YES;
				CLANG_WARN__DUPLICATE_METHOD_MATCH = YES;
				COPY_PHASE_STRIP = NO;
				DEBUG_INFORMATION_FORMAT = "dwarf-with-dsym";
				ENABLE_NS_ASSERTIONS = NO;
				ENABLE_STRICT_OBJC_MSGSEND = YES;
				GCC_C_LANGUAGE_STANDARD = gnu11;
				GCC_NO_COMMON_BLOCKS = YES;
				GCC_WARN_64_TO_32_BIT_CONVERSION = YES;
				GCC_WARN_ABOUT_RETURN_TYPE = YES_ERROR;
				GCC_WARN_UNDECLARED_SELECTOR = YES;
				GCC_WARN_UNINITIALIZED_AUTOS = YES_AGGRESSIVE;
				GCC_WARN_UNUSED_FUNCTION = YES;
				GCC_WARN_UNUSED_VARIABLE = YES;
				MTL_ENABLE_DEBUG_INFO = NO;
				MTL_FAST_MATH = YES;
				SWIFT_COMPILATION_MODE = wholemodule;
				SWIFT_OPTIMIZATION_LEVEL = "-O";
			};
			name = Release;
		};
		A8CB67DD28357BFC00138AF5 /* Debug */ = {
			isa = XCBuildConfiguration;
			buildSettings = {
				ASSETCATALOG_COMPILER_APPICON_NAME = AppIcon;
				ASSETCATALOG_COMPILER_GLOBAL_ACCENT_COLOR_NAME = AccentColor;
				CODE_SIGN_STYLE = Automatic;
				CURRENT_PROJECT_VERSION = 1;
				ENABLE_PREVIEWS = YES;
				FRAMEWORK_SEARCH_PATHS = "$(SRCROOT)/../shared/build/xcode-frameworks/$(CONFIGURATION)/$(SDK_NAME)";
				GENERATE_INFOPLIST_FILE = YES;
				INFOPLIST_KEY_UIApplicationSceneManifest_Generation = YES;
				INFOPLIST_KEY_UIApplicationSupportsIndirectInputEvents = YES;
				INFOPLIST_KEY_UILaunchScreen_Generation = YES;
				INFOPLIST_KEY_UISupportedInterfaceOrientations_iPad = "UIInterfaceOrientationPortrait UIInterfaceOrientationPortraitUpsideDown UIInterfaceOrientationLandscapeLeft UIInterfaceOrientationLandscapeRight";
				INFOPLIST_KEY_UISupportedInterfaceOrientations_iPhone = "UIInterfaceOrientationPortrait UIInterfaceOrientationLandscapeLeft UIInterfaceOrientationLandscapeRight";
				IPHONEOS_DEPLOYMENT_TARGET = 15.4;
				LD_RUNPATH_SEARCH_PATHS = (
					"$(inherited)",
					"@executable_path/Frameworks",
				);
				MARKETING_VERSION = 1.0;
				OTHER_LDFLAGS = (
					"$(inherited)",
					"-framework",
					shared,
				);
				PRODUCT_BUNDLE_IDENTIFIER = yegor.cheprasov.kmm.iosApp;
				PRODUCT_NAME = iosApp;
				SDKROOT = iphoneos;
				SWIFT_EMIT_LOC_STRINGS = YES;
				SWIFT_VERSION = 5.0;
				TARGETED_DEVICE_FAMILY = "1,2";
			};
			name = Debug;
		};
		A8CB67DE28357BFC00138AF5 /* Release */ = {
			isa = XCBuildConfiguration;
			buildSettings = {
				ASSETCATALOG_COMPILER_APPICON_NAME = AppIcon;
				ASSETCATALOG_COMPILER_GLOBAL_ACCENT_COLOR_NAME = AccentColor;
				CODE_SIGN_STYLE = Automatic;
				CURRENT_PROJECT_VERSION = 1;
				ENABLE_PREVIEWS = YES;
				FRAMEWORK_SEARCH_PATHS = "$(SRCROOT)/../shared/build/xcode-frameworks/$(CONFIGURATION)/$(SDK_NAME)";
				GENERATE_INFOPLIST_FILE = YES;
				INFOPLIST_KEY_UIApplicationSceneManifest_Generation = YES;
				INFOPLIST_KEY_UIApplicationSupportsIndirectInputEvents = YES;
				INFOPLIST_KEY_UILaunchScreen_Generation = YES;
				INFOPLIST_KEY_UISupportedInterfaceOrientations_iPad = "UIInterfaceOrientationPortrait UIInterfaceOrientationPortraitUpsideDown UIInterfaceOrientationLandscapeLeft UIInterfaceOrientationLandscapeRight";
				INFOPLIST_KEY_UISupportedInterfaceOrientations_iPhone = "UIInterfaceOrientationPortrait UIInterfaceOrientationLandscapeLeft UIInterfaceOrientationLandscapeRight";
				IPHONEOS_DEPLOYMENT_TARGET = 15.4;
				LD_RUNPATH_SEARCH_PATHS = (
					"$(inherited)",
					"@executable_path/Frameworks",
				);
				MARKETING_VERSION = 1.0;
				OTHER_LDFLAGS = (
					"$(inherited)",
					"-framework",
					shared,
				);
				PRODUCT_BUNDLE_IDENTIFIER = yegor.cheprasov.kmm.iosApp;
				PRODUCT_NAME = iosApp;
				SDKROOT = iphoneos;
				SWIFT_EMIT_LOC_STRINGS = YES;
				SWIFT_VERSION = 5.0;
				TARGETED_DEVICE_FAMILY = "1,2";
				VALIDATE_PRODUCT = YES;
			};
			name = Release;
		};
		A8CB67E028357BFC00138AF5 /* Debug */ = {
			isa = XCBuildConfiguration;
			buildSettings = {
				ASSETCATALOG_COMPILER_APPICON_NAME = AppIcon;
				ASSETCATALOG_COMPILER_GLOBAL_ACCENT_COLOR_NAME = AccentColor;
				CODE_SIGN_ENTITLEMENTS = macOS/macOS.entitlements;
				CODE_SIGN_STYLE = Automatic;
				COMBINE_HIDPI_IMAGES = YES;
				CURRENT_PROJECT_VERSION = 1;
				ENABLE_PREVIEWS = YES;
				GENERATE_INFOPLIST_FILE = YES;
				INFOPLIST_KEY_NSHumanReadableCopyright = "";
				LD_RUNPATH_SEARCH_PATHS = (
					"$(inherited)",
					"@executable_path/../Frameworks",
				);
				MACOSX_DEPLOYMENT_TARGET = 12.3;
				MARKETING_VERSION = 1.0;
				PRODUCT_BUNDLE_IDENTIFIER = yegor.cheprasov.kmm.iosApp;
				PRODUCT_NAME = iosApp;
				SDKROOT = macosx;
				SWIFT_EMIT_LOC_STRINGS = YES;
				SWIFT_VERSION = 5.0;
			};
			name = Debug;
		};
		A8CB67E128357BFC00138AF5 /* Release */ = {
			isa = XCBuildConfiguration;
			buildSettings = {
				ASSETCATALOG_COMPILER_APPICON_NAME = AppIcon;
				ASSETCATALOG_COMPILER_GLOBAL_ACCENT_COLOR_NAME = AccentColor;
				CODE_SIGN_ENTITLEMENTS = macOS/macOS.entitlements;
				CODE_SIGN_STYLE = Automatic;
				COMBINE_HIDPI_IMAGES = YES;
				CURRENT_PROJECT_VERSION = 1;
				ENABLE_PREVIEWS = YES;
				GENERATE_INFOPLIST_FILE = YES;
				INFOPLIST_KEY_NSHumanReadableCopyright = "";
				LD_RUNPATH_SEARCH_PATHS = (
					"$(inherited)",
					"@executable_path/../Frameworks",
				);
				MACOSX_DEPLOYMENT_TARGET = 12.3;
				MARKETING_VERSION = 1.0;
				PRODUCT_BUNDLE_IDENTIFIER = yegor.cheprasov.kmm.iosApp;
				PRODUCT_NAME = iosApp;
				SDKROOT = macosx;
				SWIFT_EMIT_LOC_STRINGS = YES;
				SWIFT_VERSION = 5.0;
			};
			name = Release;
		};
		A8CB67E328357BFC00138AF5 /* Debug */ = {
			isa = XCBuildConfiguration;
			buildSettings = {
				ALWAYS_EMBED_SWIFT_STANDARD_LIBRARIES = YES;
				CODE_SIGN_STYLE = Automatic;
				CURRENT_PROJECT_VERSION = 1;
				GENERATE_INFOPLIST_FILE = YES;
				IPHONEOS_DEPLOYMENT_TARGET = 15.4;
				MARKETING_VERSION = 1.0;
				PRODUCT_BUNDLE_IDENTIFIER = "yegor.cheprasov.kmm.Tests-iOS";
				PRODUCT_NAME = "$(TARGET_NAME)";
				SDKROOT = iphoneos;
				SWIFT_EMIT_LOC_STRINGS = NO;
				SWIFT_VERSION = 5.0;
				TARGETED_DEVICE_FAMILY = "1,2";
				TEST_TARGET_NAME = "iosApp (iOS)";
			};
			name = Debug;
		};
		A8CB67E428357BFC00138AF5 /* Release */ = {
			isa = XCBuildConfiguration;
			buildSettings = {
				ALWAYS_EMBED_SWIFT_STANDARD_LIBRARIES = YES;
				CODE_SIGN_STYLE = Automatic;
				CURRENT_PROJECT_VERSION = 1;
				GENERATE_INFOPLIST_FILE = YES;
				IPHONEOS_DEPLOYMENT_TARGET = 15.4;
				MARKETING_VERSION = 1.0;
				PRODUCT_BUNDLE_IDENTIFIER = "yegor.cheprasov.kmm.Tests-iOS";
				PRODUCT_NAME = "$(TARGET_NAME)";
				SDKROOT = iphoneos;
				SWIFT_EMIT_LOC_STRINGS = NO;
				SWIFT_VERSION = 5.0;
				TARGETED_DEVICE_FAMILY = "1,2";
				TEST_TARGET_NAME = "iosApp (iOS)";
				VALIDATE_PRODUCT = YES;
			};
			name = Release;
		};
		A8CB67E628357BFC00138AF5 /* Debug */ = {
			isa = XCBuildConfiguration;
			buildSettings = {
				ALWAYS_EMBED_SWIFT_STANDARD_LIBRARIES = YES;
				CODE_SIGN_STYLE = Automatic;
				CURRENT_PROJECT_VERSION = 1;
				GENERATE_INFOPLIST_FILE = YES;
				MACOSX_DEPLOYMENT_TARGET = 12.3;
				MARKETING_VERSION = 1.0;
				PRODUCT_BUNDLE_IDENTIFIER = "yegor.cheprasov.kmm.Tests-macOS";
				PRODUCT_NAME = "$(TARGET_NAME)";
				SDKROOT = macosx;
				SWIFT_EMIT_LOC_STRINGS = NO;
				SWIFT_VERSION = 5.0;
				TEST_TARGET_NAME = "iosApp (macOS)";
			};
			name = Debug;
		};
		A8CB67E728357BFC00138AF5 /* Release */ = {
			isa = XCBuildConfiguration;
			buildSettings = {
				ALWAYS_EMBED_SWIFT_STANDARD_LIBRARIES = YES;
				CODE_SIGN_STYLE = Automatic;
				CURRENT_PROJECT_VERSION = 1;
				GENERATE_INFOPLIST_FILE = YES;
				MACOSX_DEPLOYMENT_TARGET = 12.3;
				MARKETING_VERSION = 1.0;
				PRODUCT_BUNDLE_IDENTIFIER = "yegor.cheprasov.kmm.Tests-macOS";
				PRODUCT_NAME = "$(TARGET_NAME)";
				SDKROOT = macosx;
				SWIFT_EMIT_LOC_STRINGS = NO;
				SWIFT_VERSION = 5.0;
				TEST_TARGET_NAME = "iosApp (macOS)";
			};
			name = Release;
		};
/* End XCBuildConfiguration section */

/* Begin XCConfigurationList section */
		A8CB67AA28357BFA00138AF5 /* Build configuration list for PBXProject "iosApp" */ = {
			isa = XCConfigurationList;
			buildConfigurations = (
				A8CB67DA28357BFC00138AF5 /* Debug */,
				A8CB67DB28357BFC00138AF5 /* Release */,
			);
			defaultConfigurationIsVisible = 0;
			defaultConfigurationName = Release;
		};
		A8CB67DC28357BFC00138AF5 /* Build configuration list for PBXNativeTarget "iosApp (iOS)" */ = {
			isa = XCConfigurationList;
			buildConfigurations = (
				A8CB67DD28357BFC00138AF5 /* Debug */,
				A8CB67DE28357BFC00138AF5 /* Release */,
			);
			defaultConfigurationIsVisible = 0;
			defaultConfigurationName = Release;
		};
		A8CB67DF28357BFC00138AF5 /* Build configuration list for PBXNativeTarget "iosApp (macOS)" */ = {
			isa = XCConfigurationList;
			buildConfigurations = (
				A8CB67E028357BFC00138AF5 /* Debug */,
				A8CB67E128357BFC00138AF5 /* Release */,
			);
			defaultConfigurationIsVisible = 0;
			defaultConfigurationName = Release;
		};
		A8CB67E228357BFC00138AF5 /* Build configuration list for PBXNativeTarget "Tests iOS" */ = {
			isa = XCConfigurationList;
			buildConfigurations = (
				A8CB67E328357BFC00138AF5 /* Debug */,
				A8CB67E428357BFC00138AF5 /* Release */,
			);
			defaultConfigurationIsVisible = 0;
			defaultConfigurationName = Release;
		};
		A8CB67E528357BFC00138AF5 /* Build configuration list for PBXNativeTarget "Tests macOS" */ = {
			isa = XCConfigurationList;
			buildConfigurations = (
				A8CB67E628357BFC00138AF5 /* Debug */,
				A8CB67E728357BFC00138AF5 /* Release */,
			);
			defaultConfigurationIsVisible = 0;
			defaultConfigurationName = Release;
		};
/* End XCConfigurationList section */
	};
	rootObject = A8CB67A728357BFA00138AF5 /* Project object */;
}
